
Microsoft Visual Studio Solution File, Format Version 12.00
# Visual Studio Version 17
VisualStudioVersion = 17.7.34202.233
MinimumVisualStudioVersion = 10.0.40219.1
Project("{9A19103F-16F7-4668-BE54-9A1E7A4F7556}") = "AutomotiveRepairShop", "AutomotiveRepairShop.csproj", "{87CE9304-714A-4731-9C94-E1CECA258E63}"
EndProject
Global
	GlobalSection(SolutionConfigurationPlatforms) = preSolution
		Debug|Any CPU = Debug|Any CPU
		Release|Any CPU = Release|Any CPU
	EndGlobalSection
	GlobalSection(ProjectConfigurationPlatforms) = postSolution
		{87CE9304-714A-4731-9C94-E1CECA258E63}.Debug|Any CPU.ActiveCfg = Debug|Any CPU
		{87CE9304-714A-4731-9C94-E1CECA258E63}.Debug|Any CPU.Build.0 = Debug|Any CPU
		{87CE9304-714A-4731-9C94-E1CECA258E63}.Release|Any CPU.ActiveCfg = Release|Any CPU
		{87CE9304-714A-4731-9C94-E1CECA258E63}.Release|Any CPU.Build.0 = Release|Any CPU
	EndGlobalSection
	GlobalSection(SolutionProperties) = preSolution
		HideSolutionNode = FALSE
	EndGlobalSection
	GlobalSection(ExtensibilityGlobals) = postSolution
		SolutionGuid = {1903EE28-8E14-4855-97D4-0588DDFFEB8A}
	EndGlobalSection
EndGlobal
