
Microsoft Visual Studio Solution File, Format Version 12.00
# Visual Studio Version 17
VisualStudioVersion = 17.7.34009.444
MinimumVisualStudioVersion = 10.0.40219.1
Project("{FAE04EC0-301F-11D3-BF4B-00C04F79EFBC}") = "1. Count Same Values in Array", "1. Count Same Values in Array\1. Count Same Values in Array.csproj", "{D5DEA42E-0D4A-4CB7-A1F5-CE6997CB8262}"
EndProject
Project("{FAE04EC0-301F-11D3-BF4B-00C04F79EFBC}") = "2. Average Student Grades", "2. Average Student Grades\2. Average Student Grades.csproj", "{DADEB16B-11E4-48C2-979D-A6D8CDCE2B12}"
EndProject
Project("{FAE04EC0-301F-11D3-BF4B-00C04F79EFBC}") = "3. Product Shop", "3. Product Shop\3. Product Shop.csproj", "{8009732D-1253-42A7-AEE6-60D83E5CEA19}"
EndProject
Project("{FAE04EC0-301F-11D3-BF4B-00C04F79EFBC}") = "3. Largest 3 Numbers", "3. Largest 3 Numbers\3. Largest 3 Numbers.csproj", "{E1536757-E778-4BC9-A81C-E2C7004C597D}"
EndProject
Project("{FAE04EC0-301F-11D3-BF4B-00C04F79EFBC}") = "5. Cities by Continent and Country", "5. Cities by Continent and Country\5. Cities by Continent and Country.csproj", "{759335B3-55B2-47AE-99D4-55051CB3886F}"
EndProject
Project("{FAE04EC0-301F-11D3-BF4B-00C04F79EFBC}") = "6. Record Unique Names", "6. Record Unique Names\6. Record Unique Names.csproj", "{03D4F64D-596B-4662-A434-660633AE4CE7}"
EndProject
Project("{FAE04EC0-301F-11D3-BF4B-00C04F79EFBC}") = "7. Parking Lot", "7. Parking Lot\7. Parking Lot.csproj", "{F7D2B301-B799-4EBE-864E-7DC1D1BBF90B}"
EndProject
Project("{FAE04EC0-301F-11D3-BF4B-00C04F79EFBC}") = "8. SoftUni Party", "8. SoftUni Party\8. SoftUni Party.csproj", "{F9557CCA-3BE8-46E7-99F6-BDB8BEF01D44}"
EndProject
Global
	GlobalSection(SolutionConfigurationPlatforms) = preSolution
		Debug|Any CPU = Debug|Any CPU
		Release|Any CPU = Release|Any CPU
	EndGlobalSection
	GlobalSection(ProjectConfigurationPlatforms) = postSolution
		{D5DEA42E-0D4A-4CB7-A1F5-CE6997CB8262}.Debug|Any CPU.ActiveCfg = Debug|Any CPU
		{D5DEA42E-0D4A-4CB7-A1F5-CE6997CB8262}.Debug|Any CPU.Build.0 = Debug|Any CPU
		{D5DEA42E-0D4A-4CB7-A1F5-CE6997CB8262}.Release|Any CPU.ActiveCfg = Release|Any CPU
		{D5DEA42E-0D4A-4CB7-A1F5-CE6997CB8262}.Release|Any CPU.Build.0 = Release|Any CPU
		{DADEB16B-11E4-48C2-979D-A6D8CDCE2B12}.Debug|Any CPU.ActiveCfg = Debug|Any CPU
		{DADEB16B-11E4-48C2-979D-A6D8CDCE2B12}.Debug|Any CPU.Build.0 = Debug|Any CPU
		{DADEB16B-11E4-48C2-979D-A6D8CDCE2B12}.Release|Any CPU.ActiveCfg = Release|Any CPU
		{DADEB16B-11E4-48C2-979D-A6D8CDCE2B12}.Release|Any CPU.Build.0 = Release|Any CPU
		{8009732D-1253-42A7-AEE6-60D83E5CEA19}.Debug|Any CPU.ActiveCfg = Debug|Any CPU
		{8009732D-1253-42A7-AEE6-60D83E5CEA19}.Debug|Any CPU.Build.0 = Debug|Any CPU
		{8009732D-1253-42A7-AEE6-60D83E5CEA19}.Release|Any CPU.ActiveCfg = Release|Any CPU
		{8009732D-1253-42A7-AEE6-60D83E5CEA19}.Release|Any CPU.Build.0 = Release|Any CPU
		{E1536757-E778-4BC9-A81C-E2C7004C597D}.Debug|Any CPU.ActiveCfg = Debug|Any CPU
		{E1536757-E778-4BC9-A81C-E2C7004C597D}.Debug|Any CPU.Build.0 = Debug|Any CPU
		{E1536757-E778-4BC9-A81C-E2C7004C597D}.Release|Any CPU.ActiveCfg = Release|Any CPU
		{E1536757-E778-4BC9-A81C-E2C7004C597D}.Release|Any CPU.Build.0 = Release|Any CPU
		{759335B3-55B2-47AE-99D4-55051CB3886F}.Debug|Any CPU.ActiveCfg = Debug|Any CPU
		{759335B3-55B2-47AE-99D4-55051CB3886F}.Debug|Any CPU.Build.0 = Debug|Any CPU
		{759335B3-55B2-47AE-99D4-55051CB3886F}.Release|Any CPU.ActiveCfg = Release|Any CPU
		{759335B3-55B2-47AE-99D4-55051CB3886F}.Release|Any CPU.Build.0 = Release|Any CPU
		{03D4F64D-596B-4662-A434-660633AE4CE7}.Debug|Any CPU.ActiveCfg = Debug|Any CPU
		{03D4F64D-596B-4662-A434-660633AE4CE7}.Debug|Any CPU.Build.0 = Debug|Any CPU
		{03D4F64D-596B-4662-A434-660633AE4CE7}.Release|Any CPU.ActiveCfg = Release|Any CPU
		{03D4F64D-596B-4662-A434-660633AE4CE7}.Release|Any CPU.Build.0 = Release|Any CPU
		{F7D2B301-B799-4EBE-864E-7DC1D1BBF90B}.Debug|Any CPU.ActiveCfg = Debug|Any CPU
		{F7D2B301-B799-4EBE-864E-7DC1D1BBF90B}.Debug|Any CPU.Build.0 = Debug|Any CPU
		{F7D2B301-B799-4EBE-864E-7DC1D1BBF90B}.Release|Any CPU.ActiveCfg = Release|Any CPU
		{F7D2B301-B799-4EBE-864E-7DC1D1BBF90B}.Release|Any CPU.Build.0 = Release|Any CPU
		{F9557CCA-3BE8-46E7-99F6-BDB8BEF01D44}.Debug|Any CPU.ActiveCfg = Debug|Any CPU
		{F9557CCA-3BE8-46E7-99F6-BDB8BEF01D44}.Debug|Any CPU.Build.0 = Debug|Any CPU
		{F9557CCA-3BE8-46E7-99F6-BDB8BEF01D44}.Release|Any CPU.ActiveCfg = Release|Any CPU
		{F9557CCA-3BE8-46E7-99F6-BDB8BEF01D44}.Release|Any CPU.Build.0 = Release|Any CPU
	EndGlobalSection
	GlobalSection(SolutionProperties) = preSolution
		HideSolutionNode = FALSE
	EndGlobalSection
	GlobalSection(ExtensibilityGlobals) = postSolution
		SolutionGuid = {7C6B70DC-7744-43CD-A658-D4C8950ED599}
	EndGlobalSection
EndGlobal
