
Microsoft Visual Studio Solution File, Format Version 12.00
# Visual Studio Version 17
VisualStudioVersion = 17.7.34202.233
MinimumVisualStudioVersion = 10.0.40219.1
Project("{FAE04EC0-301F-11D3-BF4B-00C04F79EFBC}") = "Exam", "Exam\Exam.csproj", "{3EB84952-5DD1-4201-94CF-308F7F94A475}"
EndProject
Project("{FAE04EC0-301F-11D3-BF4B-00C04F79EFBC}") = "Fish", "Fish\Fish.csproj", "{22E1C6DB-A6E4-4E44-9E67-B60D5B95C038}"
EndProject
Global
	GlobalSection(SolutionConfigurationPlatforms) = preSolution
		Debug|Any CPU = Debug|Any CPU
		Release|Any CPU = Release|Any CPU
	EndGlobalSection
	GlobalSection(ProjectConfigurationPlatforms) = postSolution
		{3EB84952-5DD1-4201-94CF-308F7F94A475}.Debug|Any CPU.ActiveCfg = Debug|Any CPU
		{3EB84952-5DD1-4201-94CF-308F7F94A475}.Debug|Any CPU.Build.0 = Debug|Any CPU
		{3EB84952-5DD1-4201-94CF-308F7F94A475}.Release|Any CPU.ActiveCfg = Release|Any CPU
		{3EB84952-5DD1-4201-94CF-308F7F94A475}.Release|Any CPU.Build.0 = Release|Any CPU
		{22E1C6DB-A6E4-4E44-9E67-B60D5B95C038}.Debug|Any CPU.ActiveCfg = Debug|Any CPU
		{22E1C6DB-A6E4-4E44-9E67-B60D5B95C038}.Debug|Any CPU.Build.0 = Debug|Any CPU
		{22E1C6DB-A6E4-4E44-9E67-B60D5B95C038}.Release|Any CPU.ActiveCfg = Release|Any CPU
		{22E1C6DB-A6E4-4E44-9E67-B60D5B95C038}.Release|Any CPU.Build.0 = Release|Any CPU
	EndGlobalSection
	GlobalSection(SolutionProperties) = preSolution
		HideSolutionNode = FALSE
	EndGlobalSection
	GlobalSection(ExtensibilityGlobals) = postSolution
		SolutionGuid = {DB97D048-5D4E-4920-B5AB-0B3D8B09D0E0}
	EndGlobalSection
EndGlobal
