
Microsoft Visual Studio Solution File, Format Version 12.00
# Visual Studio Version 17
VisualStudioVersion = 17.7.34202.233
MinimumVisualStudioVersion = 10.0.40219.1
Project("{9A19103F-16F7-4668-BE54-9A1E7A4F7556}") = "Shapes", "Shapes\Shapes.csproj", "{AE6AE000-8F2A-4485-9445-D83606F367FA}"
EndProject
Project("{9A19103F-16F7-4668-BE54-9A1E7A4F7556}") = "PersonInfo", "PersonInfo\PersonInfo.csproj", "{59DFFC18-488A-43C0-B27F-3E955584F0C5}"
EndProject
Project("{9A19103F-16F7-4668-BE54-9A1E7A4F7556}") = "Telephony", "Telephony\Telephony.csproj", "{572C54F3-C5A3-4ACA-9FCE-60FA58593C6E}"
EndProject
Project("{9A19103F-16F7-4668-BE54-9A1E7A4F7556}") = "BorderControl", "BorderControl\BorderControl.csproj", "{9F330A4C-ADD9-41EE-82D0-1DD0396FFA60}"
EndProject
Project("{9A19103F-16F7-4668-BE54-9A1E7A4F7556}") = "BirthdayCelebrations", "BirthdayCelebrations\BirthdayCelebrations.csproj", "{62944FBB-F362-4A00-9054-48EA9252897E}"
EndProject
Project("{FAE04EC0-301F-11D3-BF4B-00C04F79EFBC}") = "MilitaryElite", "MilitaryElite\MilitaryElite.csproj", "{E889391D-5A60-4CD6-9C96-0E6564DD5E78}"
EndProject
Project("{FAE04EC0-301F-11D3-BF4B-00C04F79EFBC}") = "CollectionHierarchy", "CollectionHierarchy\CollectionHierarchy.csproj", "{11B8315A-7076-4DF5-AF07-7391C80EEFA4}"
EndProject
Project("{FAE04EC0-301F-11D3-BF4B-00C04F79EFBC}") = "ExplicitInterfaces", "ExplicitInterfaces\ExplicitInterfaces.csproj", "{3070A1B6-D562-46CC-A305-220BFCC4567B}"
EndProject
Global
	GlobalSection(SolutionConfigurationPlatforms) = preSolution
		Debug|Any CPU = Debug|Any CPU
		Release|Any CPU = Release|Any CPU
	EndGlobalSection
	GlobalSection(ProjectConfigurationPlatforms) = postSolution
		{AE6AE000-8F2A-4485-9445-D83606F367FA}.Debug|Any CPU.ActiveCfg = Debug|Any CPU
		{AE6AE000-8F2A-4485-9445-D83606F367FA}.Debug|Any CPU.Build.0 = Debug|Any CPU
		{AE6AE000-8F2A-4485-9445-D83606F367FA}.Release|Any CPU.ActiveCfg = Release|Any CPU
		{AE6AE000-8F2A-4485-9445-D83606F367FA}.Release|Any CPU.Build.0 = Release|Any CPU
		{59DFFC18-488A-43C0-B27F-3E955584F0C5}.Debug|Any CPU.ActiveCfg = Debug|Any CPU
		{59DFFC18-488A-43C0-B27F-3E955584F0C5}.Debug|Any CPU.Build.0 = Debug|Any CPU
		{59DFFC18-488A-43C0-B27F-3E955584F0C5}.Release|Any CPU.ActiveCfg = Release|Any CPU
		{59DFFC18-488A-43C0-B27F-3E955584F0C5}.Release|Any CPU.Build.0 = Release|Any CPU
		{572C54F3-C5A3-4ACA-9FCE-60FA58593C6E}.Debug|Any CPU.ActiveCfg = Debug|Any CPU
		{572C54F3-C5A3-4ACA-9FCE-60FA58593C6E}.Debug|Any CPU.Build.0 = Debug|Any CPU
		{572C54F3-C5A3-4ACA-9FCE-60FA58593C6E}.Release|Any CPU.ActiveCfg = Release|Any CPU
		{572C54F3-C5A3-4ACA-9FCE-60FA58593C6E}.Release|Any CPU.Build.0 = Release|Any CPU
		{9F330A4C-ADD9-41EE-82D0-1DD0396FFA60}.Debug|Any CPU.ActiveCfg = Debug|Any CPU
		{9F330A4C-ADD9-41EE-82D0-1DD0396FFA60}.Debug|Any CPU.Build.0 = Debug|Any CPU
		{9F330A4C-ADD9-41EE-82D0-1DD0396FFA60}.Release|Any CPU.ActiveCfg = Release|Any CPU
		{9F330A4C-ADD9-41EE-82D0-1DD0396FFA60}.Release|Any CPU.Build.0 = Release|Any CPU
		{62944FBB-F362-4A00-9054-48EA9252897E}.Debug|Any CPU.ActiveCfg = Debug|Any CPU
		{62944FBB-F362-4A00-9054-48EA9252897E}.Debug|Any CPU.Build.0 = Debug|Any CPU
		{62944FBB-F362-4A00-9054-48EA9252897E}.Release|Any CPU.ActiveCfg = Release|Any CPU
		{62944FBB-F362-4A00-9054-48EA9252897E}.Release|Any CPU.Build.0 = Release|Any CPU
		{E889391D-5A60-4CD6-9C96-0E6564DD5E78}.Debug|Any CPU.ActiveCfg = Debug|Any CPU
		{E889391D-5A60-4CD6-9C96-0E6564DD5E78}.Debug|Any CPU.Build.0 = Debug|Any CPU
		{E889391D-5A60-4CD6-9C96-0E6564DD5E78}.Release|Any CPU.ActiveCfg = Release|Any CPU
		{E889391D-5A60-4CD6-9C96-0E6564DD5E78}.Release|Any CPU.Build.0 = Release|Any CPU
		{11B8315A-7076-4DF5-AF07-7391C80EEFA4}.Debug|Any CPU.ActiveCfg = Debug|Any CPU
		{11B8315A-7076-4DF5-AF07-7391C80EEFA4}.Debug|Any CPU.Build.0 = Debug|Any CPU
		{11B8315A-7076-4DF5-AF07-7391C80EEFA4}.Release|Any CPU.ActiveCfg = Release|Any CPU
		{11B8315A-7076-4DF5-AF07-7391C80EEFA4}.Release|Any CPU.Build.0 = Release|Any CPU
		{3070A1B6-D562-46CC-A305-220BFCC4567B}.Debug|Any CPU.ActiveCfg = Debug|Any CPU
		{3070A1B6-D562-46CC-A305-220BFCC4567B}.Debug|Any CPU.Build.0 = Debug|Any CPU
		{3070A1B6-D562-46CC-A305-220BFCC4567B}.Release|Any CPU.ActiveCfg = Release|Any CPU
		{3070A1B6-D562-46CC-A305-220BFCC4567B}.Release|Any CPU.Build.0 = Release|Any CPU
	EndGlobalSection
	GlobalSection(SolutionProperties) = preSolution
		HideSolutionNode = FALSE
	EndGlobalSection
	GlobalSection(ExtensibilityGlobals) = postSolution
		SolutionGuid = {57CDD015-7BE2-4A61-934E-E3E8E4C26779}
	EndGlobalSection
EndGlobal
