
Microsoft Visual Studio Solution File, Format Version 12.00
# Visual Studio Version 17
VisualStudioVersion = 17.7.34202.233
MinimumVisualStudioVersion = 10.0.40219.1
Project("{9A19103F-16F7-4668-BE54-9A1E7A4F7556}") = "FootballTeam", "FootballTeam.csproj", "{BC5DA98F-5D37-4AAB-81E0-20259179BFD4}"
EndProject
Global
	GlobalSection(SolutionConfigurationPlatforms) = preSolution
		Debug|Any CPU = Debug|Any CPU
		Release|Any CPU = Release|Any CPU
	EndGlobalSection
	GlobalSection(ProjectConfigurationPlatforms) = postSolution
		{BC5DA98F-5D37-4AAB-81E0-20259179BFD4}.Debug|Any CPU.ActiveCfg = Debug|Any CPU
		{BC5DA98F-5D37-4AAB-81E0-20259179BFD4}.Debug|Any CPU.Build.0 = Debug|Any CPU
		{BC5DA98F-5D37-4AAB-81E0-20259179BFD4}.Release|Any CPU.ActiveCfg = Release|Any CPU
		{BC5DA98F-5D37-4AAB-81E0-20259179BFD4}.Release|Any CPU.Build.0 = Release|Any CPU
	EndGlobalSection
	GlobalSection(SolutionProperties) = preSolution
		HideSolutionNode = FALSE
	EndGlobalSection
	GlobalSection(ExtensibilityGlobals) = postSolution
		SolutionGuid = {281C0248-372C-4C9B-A716-72F3BB4CF731}
	EndGlobalSection
EndGlobal
