
Microsoft Visual Studio Solution File, Format Version 12.00
# Visual Studio Version 17
VisualStudioVersion = 17.7.34009.444
MinimumVisualStudioVersion = 10.0.40219.1
Project("{FAE04EC0-301F-11D3-BF4B-00C04F79EFBC}") = "1. Sum Matrix Elements", "1. Sum Matrix Elements\1. Sum Matrix Elements.csproj", "{2A531D34-AB42-4D92-ADBC-92265B0A43B7}"
EndProject
Global
	GlobalSection(SolutionConfigurationPlatforms) = preSolution
		Debug|Any CPU = Debug|Any CPU
		Release|Any CPU = Release|Any CPU
	EndGlobalSection
	GlobalSection(ProjectConfigurationPlatforms) = postSolution
		{2A531D34-AB42-4D92-ADBC-92265B0A43B7}.Debug|Any CPU.ActiveCfg = Debug|Any CPU
		{2A531D34-AB42-4D92-ADBC-92265B0A43B7}.Debug|Any CPU.Build.0 = Debug|Any CPU
		{2A531D34-AB42-4D92-ADBC-92265B0A43B7}.Release|Any CPU.ActiveCfg = Release|Any CPU
		{2A531D34-AB42-4D92-ADBC-92265B0A43B7}.Release|Any CPU.Build.0 = Release|Any CPU
	EndGlobalSection
	GlobalSection(SolutionProperties) = preSolution
		HideSolutionNode = FALSE
	EndGlobalSection
	GlobalSection(ExtensibilityGlobals) = postSolution
		SolutionGuid = {68C4BACC-1679-4779-90E7-0E4C5925580E}
	EndGlobalSection
EndGlobal
