
Microsoft Visual Studio Solution File, Format Version 12.00
# Visual Studio Version 17
VisualStudioVersion = 17.7.34202.233
MinimumVisualStudioVersion = 10.0.40219.1
Project("{9A19103F-16F7-4668-BE54-9A1E7A4F7556}") = "Monster Extermination", "Monster Extermination\Monster Extermination.csproj", "{A0819C0D-464B-48D1-8E71-25C8E7672CB1}"
EndProject
Project("{9A19103F-16F7-4668-BE54-9A1E7A4F7556}") = "Monsters-2", "Monsters-2\Monsters-2.csproj", "{97EFAF45-8B58-4B4B-AFE6-5EB89BADD7BB}"
EndProject
Project("{9A19103F-16F7-4668-BE54-9A1E7A4F7556}") = "Delivery Boy", "Delivery Boy\Delivery Boy.csproj", "{069C1724-31BA-4F48-84D7-C636AA637FD1}"
EndProject
Project("{9A19103F-16F7-4668-BE54-9A1E7A4F7556}") = "Temple of Doom", "Temple of Doom\Temple of Doom.csproj", "{4585430E-F09A-463B-931D-D71E5C40386F}"
EndProject
Project("{9A19103F-16F7-4668-BE54-9A1E7A4F7556}") = "Mouse In The Kitchen", "Mouse In The Kitchen\Mouse In The Kitchen.csproj", "{A8CA93F5-F313-4200-8E30-FD211E3A1F5C}"
EndProject
Project("{FAE04EC0-301F-11D3-BF4B-00C04F79EFBC}") = "Refactoring Code", "Refactoring Code\Refactoring Code.csproj", "{6D7A2447-BAE8-4E83-97FC-38D0BA595762}"
EndProject
Project("{FAE04EC0-301F-11D3-BF4B-00C04F79EFBC}") = "01. Rubber Duck Debuggers", "01. Rubber Duck Debuggers\01. Rubber Duck Debuggers.csproj", "{169BEDD7-F884-42EE-8DB2-BBA93E3A6174}"
EndProject
Global
	GlobalSection(SolutionConfigurationPlatforms) = preSolution
		Debug|Any CPU = Debug|Any CPU
		Release|Any CPU = Release|Any CPU
	EndGlobalSection
	GlobalSection(ProjectConfigurationPlatforms) = postSolution
		{A0819C0D-464B-48D1-8E71-25C8E7672CB1}.Debug|Any CPU.ActiveCfg = Debug|Any CPU
		{A0819C0D-464B-48D1-8E71-25C8E7672CB1}.Debug|Any CPU.Build.0 = Debug|Any CPU
		{A0819C0D-464B-48D1-8E71-25C8E7672CB1}.Release|Any CPU.ActiveCfg = Release|Any CPU
		{A0819C0D-464B-48D1-8E71-25C8E7672CB1}.Release|Any CPU.Build.0 = Release|Any CPU
		{97EFAF45-8B58-4B4B-AFE6-5EB89BADD7BB}.Debug|Any CPU.ActiveCfg = Debug|Any CPU
		{97EFAF45-8B58-4B4B-AFE6-5EB89BADD7BB}.Debug|Any CPU.Build.0 = Debug|Any CPU
		{97EFAF45-8B58-4B4B-AFE6-5EB89BADD7BB}.Release|Any CPU.ActiveCfg = Release|Any CPU
		{97EFAF45-8B58-4B4B-AFE6-5EB89BADD7BB}.Release|Any CPU.Build.0 = Release|Any CPU
		{069C1724-31BA-4F48-84D7-C636AA637FD1}.Debug|Any CPU.ActiveCfg = Debug|Any CPU
		{069C1724-31BA-4F48-84D7-C636AA637FD1}.Debug|Any CPU.Build.0 = Debug|Any CPU
		{069C1724-31BA-4F48-84D7-C636AA637FD1}.Release|Any CPU.ActiveCfg = Release|Any CPU
		{069C1724-31BA-4F48-84D7-C636AA637FD1}.Release|Any CPU.Build.0 = Release|Any CPU
		{4585430E-F09A-463B-931D-D71E5C40386F}.Debug|Any CPU.ActiveCfg = Debug|Any CPU
		{4585430E-F09A-463B-931D-D71E5C40386F}.Debug|Any CPU.Build.0 = Debug|Any CPU
		{4585430E-F09A-463B-931D-D71E5C40386F}.Release|Any CPU.ActiveCfg = Release|Any CPU
		{4585430E-F09A-463B-931D-D71E5C40386F}.Release|Any CPU.Build.0 = Release|Any CPU
		{A8CA93F5-F313-4200-8E30-FD211E3A1F5C}.Debug|Any CPU.ActiveCfg = Debug|Any CPU
		{A8CA93F5-F313-4200-8E30-FD211E3A1F5C}.Debug|Any CPU.Build.0 = Debug|Any CPU
		{A8CA93F5-F313-4200-8E30-FD211E3A1F5C}.Release|Any CPU.ActiveCfg = Release|Any CPU
		{A8CA93F5-F313-4200-8E30-FD211E3A1F5C}.Release|Any CPU.Build.0 = Release|Any CPU
		{6D7A2447-BAE8-4E83-97FC-38D0BA595762}.Debug|Any CPU.ActiveCfg = Debug|Any CPU
		{6D7A2447-BAE8-4E83-97FC-38D0BA595762}.Debug|Any CPU.Build.0 = Debug|Any CPU
		{6D7A2447-BAE8-4E83-97FC-38D0BA595762}.Release|Any CPU.ActiveCfg = Release|Any CPU
		{6D7A2447-BAE8-4E83-97FC-38D0BA595762}.Release|Any CPU.Build.0 = Release|Any CPU
		{169BEDD7-F884-42EE-8DB2-BBA93E3A6174}.Debug|Any CPU.ActiveCfg = Debug|Any CPU
		{169BEDD7-F884-42EE-8DB2-BBA93E3A6174}.Debug|Any CPU.Build.0 = Debug|Any CPU
		{169BEDD7-F884-42EE-8DB2-BBA93E3A6174}.Release|Any CPU.ActiveCfg = Release|Any CPU
		{169BEDD7-F884-42EE-8DB2-BBA93E3A6174}.Release|Any CPU.Build.0 = Release|Any CPU
	EndGlobalSection
	GlobalSection(SolutionProperties) = preSolution
		HideSolutionNode = FALSE
	EndGlobalSection
	GlobalSection(ExtensibilityGlobals) = postSolution
		SolutionGuid = {5F719501-5EAA-45C5-AF6F-734CF4E01D3A}
	EndGlobalSection
EndGlobal
