
Microsoft Visual Studio Solution File, Format Version 12.00
# Visual Studio Version 17
VisualStudioVersion = 17.6.33829.357
MinimumVisualStudioVersion = 10.0.40219.1
Project("{FAE04EC0-301F-11D3-BF4B-00C04F79EFBC}") = "1. Basic Stack Operations", "1. Basic Stack Operations\1. Basic Stack Operations.csproj", "{9E537DCF-FD35-4770-B05D-A0177194D751}"
EndProject
Global
	GlobalSection(SolutionConfigurationPlatforms) = preSolution
		Debug|Any CPU = Debug|Any CPU
		Release|Any CPU = Release|Any CPU
	EndGlobalSection
	GlobalSection(ProjectConfigurationPlatforms) = postSolution
		{9E537DCF-FD35-4770-B05D-A0177194D751}.Debug|Any CPU.ActiveCfg = Debug|Any CPU
		{9E537DCF-FD35-4770-B05D-A0177194D751}.Debug|Any CPU.Build.0 = Debug|Any CPU
		{9E537DCF-FD35-4770-B05D-A0177194D751}.Release|Any CPU.ActiveCfg = Release|Any CPU
		{9E537DCF-FD35-4770-B05D-A0177194D751}.Release|Any CPU.Build.0 = Release|Any CPU
	EndGlobalSection
	GlobalSection(SolutionProperties) = preSolution
		HideSolutionNode = FALSE
	EndGlobalSection
	GlobalSection(ExtensibilityGlobals) = postSolution
		SolutionGuid = {2D817F74-2553-4763-8B5C-B51501A4A3DA}
	EndGlobalSection
EndGlobal
