
Microsoft Visual Studio Solution File, Format Version 12.00
# Visual Studio Version 17
VisualStudioVersion = 17.7.34202.233
MinimumVisualStudioVersion = 10.0.40219.1
Project("{FAE04EC0-301F-11D3-BF4B-00C04F79EFBC}") = "1. Sort Even Numbers", "1. Sort Even Numbers\1. Sort Even Numbers.csproj", "{01CBE757-A160-4B16-8014-BCC418AFB897}"
EndProject
Project("{FAE04EC0-301F-11D3-BF4B-00C04F79EFBC}") = "2. Sum Numbers", "2. Sum Numbers\2. Sum Numbers.csproj", "{EE3FCD47-7E46-43A0-AA15-71EF0C077A66}"
EndProject
Project("{FAE04EC0-301F-11D3-BF4B-00C04F79EFBC}") = "3. Count Uppercase Word", "3. Count Uppercase Word\3. Count Uppercase Word.csproj", "{D4ACACCD-6B2A-4F01-95DF-879BD599CD91}"
EndProject
Project("{FAE04EC0-301F-11D3-BF4B-00C04F79EFBC}") = "4. Add VAT", "4. Add VAT\4. Add VAT.csproj", "{0FBDA811-EE81-4040-96ED-1BABD4319508}"
EndProject
Project("{FAE04EC0-301F-11D3-BF4B-00C04F79EFBC}") = "5. Filter by Age", "5. Filter by Age\5. Filter by Age.csproj", "{F680DED3-4D2E-4D8F-8B0B-5E2DC6602F9B}"
EndProject
Global
	GlobalSection(SolutionConfigurationPlatforms) = preSolution
		Debug|Any CPU = Debug|Any CPU
		Release|Any CPU = Release|Any CPU
	EndGlobalSection
	GlobalSection(ProjectConfigurationPlatforms) = postSolution
		{01CBE757-A160-4B16-8014-BCC418AFB897}.Debug|Any CPU.ActiveCfg = Debug|Any CPU
		{01CBE757-A160-4B16-8014-BCC418AFB897}.Debug|Any CPU.Build.0 = Debug|Any CPU
		{01CBE757-A160-4B16-8014-BCC418AFB897}.Release|Any CPU.ActiveCfg = Release|Any CPU
		{01CBE757-A160-4B16-8014-BCC418AFB897}.Release|Any CPU.Build.0 = Release|Any CPU
		{EE3FCD47-7E46-43A0-AA15-71EF0C077A66}.Debug|Any CPU.ActiveCfg = Debug|Any CPU
		{EE3FCD47-7E46-43A0-AA15-71EF0C077A66}.Debug|Any CPU.Build.0 = Debug|Any CPU
		{EE3FCD47-7E46-43A0-AA15-71EF0C077A66}.Release|Any CPU.ActiveCfg = Release|Any CPU
		{EE3FCD47-7E46-43A0-AA15-71EF0C077A66}.Release|Any CPU.Build.0 = Release|Any CPU
		{D4ACACCD-6B2A-4F01-95DF-879BD599CD91}.Debug|Any CPU.ActiveCfg = Debug|Any CPU
		{D4ACACCD-6B2A-4F01-95DF-879BD599CD91}.Debug|Any CPU.Build.0 = Debug|Any CPU
		{D4ACACCD-6B2A-4F01-95DF-879BD599CD91}.Release|Any CPU.ActiveCfg = Release|Any CPU
		{D4ACACCD-6B2A-4F01-95DF-879BD599CD91}.Release|Any CPU.Build.0 = Release|Any CPU
		{0FBDA811-EE81-4040-96ED-1BABD4319508}.Debug|Any CPU.ActiveCfg = Debug|Any CPU
		{0FBDA811-EE81-4040-96ED-1BABD4319508}.Debug|Any CPU.Build.0 = Debug|Any CPU
		{0FBDA811-EE81-4040-96ED-1BABD4319508}.Release|Any CPU.ActiveCfg = Release|Any CPU
		{0FBDA811-EE81-4040-96ED-1BABD4319508}.Release|Any CPU.Build.0 = Release|Any CPU
		{F680DED3-4D2E-4D8F-8B0B-5E2DC6602F9B}.Debug|Any CPU.ActiveCfg = Debug|Any CPU
		{F680DED3-4D2E-4D8F-8B0B-5E2DC6602F9B}.Debug|Any CPU.Build.0 = Debug|Any CPU
		{F680DED3-4D2E-4D8F-8B0B-5E2DC6602F9B}.Release|Any CPU.ActiveCfg = Release|Any CPU
		{F680DED3-4D2E-4D8F-8B0B-5E2DC6602F9B}.Release|Any CPU.Build.0 = Release|Any CPU
	EndGlobalSection
	GlobalSection(SolutionProperties) = preSolution
		HideSolutionNode = FALSE
	EndGlobalSection
	GlobalSection(ExtensibilityGlobals) = postSolution
		SolutionGuid = {DC4F5FBD-6822-4414-9D08-977253683EBB}
	EndGlobalSection
EndGlobal
