
Microsoft Visual Studio Solution File, Format Version 12.00
# Visual Studio Version 17
VisualStudioVersion = 17.7.34202.233
MinimumVisualStudioVersion = 10.0.40219.1
Project("{FAE04EC0-301F-11D3-BF4B-00C04F79EFBC}") = "DefiningClasses", "Defining Classes\DefiningClasses.csproj", "{6BC1E50E-E20D-4B50-BE0C-8192B476046A}"
EndProject
Global
	GlobalSection(SolutionConfigurationPlatforms) = preSolution
		Debug|Any CPU = Debug|Any CPU
		Release|Any CPU = Release|Any CPU
	EndGlobalSection
	GlobalSection(ProjectConfigurationPlatforms) = postSolution
		{6BC1E50E-E20D-4B50-BE0C-8192B476046A}.Debug|Any CPU.ActiveCfg = Debug|Any CPU
		{6BC1E50E-E20D-4B50-BE0C-8192B476046A}.Debug|Any CPU.Build.0 = Debug|Any CPU
		{6BC1E50E-E20D-4B50-BE0C-8192B476046A}.Release|Any CPU.ActiveCfg = Release|Any CPU
		{6BC1E50E-E20D-4B50-BE0C-8192B476046A}.Release|Any CPU.Build.0 = Release|Any CPU
	EndGlobalSection
	GlobalSection(SolutionProperties) = preSolution
		HideSolutionNode = FALSE
	EndGlobalSection
	GlobalSection(ExtensibilityGlobals) = postSolution
		SolutionGuid = {2C8E72C3-D82C-445F-8F3B-4BBFB5B86782}
	EndGlobalSection
EndGlobal
