
Microsoft Visual Studio Solution File, Format Version 12.00
# Visual Studio Version 17
VisualStudioVersion = 17.7.34202.233
MinimumVisualStudioVersion = 10.0.40219.1
Project("{FAE04EC0-301F-11D3-BF4B-00C04F79EFBC}") = "DefiningClasses", "Defining Classes\DefiningClasses.csproj", "{6BC1E50E-E20D-4B50-BE0C-8192B476046A}"
EndProject
Project("{FAE04EC0-301F-11D3-BF4B-00C04F79EFBC}") = "DateModifier", "DateModifier\DateModifier.csproj", "{2E4E0C60-DC77-406C-AC21-4C857AE273D4}"
EndProject
Project("{FAE04EC0-301F-11D3-BF4B-00C04F79EFBC}") = "SpeedRacing", "SpeedRacing\SpeedRacing.csproj", "{B084435B-AAE3-45B3-9F45-7FF875DAF45B}"
EndProject
Project("{FAE04EC0-301F-11D3-BF4B-00C04F79EFBC}") = "RawData", "RawData\RawData.csproj", "{5CA416DD-2980-4919-B3C6-D9313B23FB49}"
EndProject
Project("{FAE04EC0-301F-11D3-BF4B-00C04F79EFBC}") = "CarSalesman", "CarSalesman\CarSalesman.csproj", "{559FB591-EFFE-4DEB-8685-22380F5C8FD9}"
EndProject
Project("{FAE04EC0-301F-11D3-BF4B-00C04F79EFBC}") = "PokemonTrainer", "PokemonTrainer\PokemonTrainer.csproj", "{D7F7FB0C-7869-48DA-8975-32181CACB655}"
EndProject
Global
	GlobalSection(SolutionConfigurationPlatforms) = preSolution
		Debug|Any CPU = Debug|Any CPU
		Release|Any CPU = Release|Any CPU
	EndGlobalSection
	GlobalSection(ProjectConfigurationPlatforms) = postSolution
		{6BC1E50E-E20D-4B50-BE0C-8192B476046A}.Debug|Any CPU.ActiveCfg = Debug|Any CPU
		{6BC1E50E-E20D-4B50-BE0C-8192B476046A}.Debug|Any CPU.Build.0 = Debug|Any CPU
		{6BC1E50E-E20D-4B50-BE0C-8192B476046A}.Release|Any CPU.ActiveCfg = Release|Any CPU
		{6BC1E50E-E20D-4B50-BE0C-8192B476046A}.Release|Any CPU.Build.0 = Release|Any CPU
		{2E4E0C60-DC77-406C-AC21-4C857AE273D4}.Debug|Any CPU.ActiveCfg = Debug|Any CPU
		{2E4E0C60-DC77-406C-AC21-4C857AE273D4}.Debug|Any CPU.Build.0 = Debug|Any CPU
		{2E4E0C60-DC77-406C-AC21-4C857AE273D4}.Release|Any CPU.ActiveCfg = Release|Any CPU
		{2E4E0C60-DC77-406C-AC21-4C857AE273D4}.Release|Any CPU.Build.0 = Release|Any CPU
		{B084435B-AAE3-45B3-9F45-7FF875DAF45B}.Debug|Any CPU.ActiveCfg = Debug|Any CPU
		{B084435B-AAE3-45B3-9F45-7FF875DAF45B}.Debug|Any CPU.Build.0 = Debug|Any CPU
		{B084435B-AAE3-45B3-9F45-7FF875DAF45B}.Release|Any CPU.ActiveCfg = Release|Any CPU
		{B084435B-AAE3-45B3-9F45-7FF875DAF45B}.Release|Any CPU.Build.0 = Release|Any CPU
		{5CA416DD-2980-4919-B3C6-D9313B23FB49}.Debug|Any CPU.ActiveCfg = Debug|Any CPU
		{5CA416DD-2980-4919-B3C6-D9313B23FB49}.Debug|Any CPU.Build.0 = Debug|Any CPU
		{5CA416DD-2980-4919-B3C6-D9313B23FB49}.Release|Any CPU.ActiveCfg = Release|Any CPU
		{5CA416DD-2980-4919-B3C6-D9313B23FB49}.Release|Any CPU.Build.0 = Release|Any CPU
		{559FB591-EFFE-4DEB-8685-22380F5C8FD9}.Debug|Any CPU.ActiveCfg = Debug|Any CPU
		{559FB591-EFFE-4DEB-8685-22380F5C8FD9}.Debug|Any CPU.Build.0 = Debug|Any CPU
		{559FB591-EFFE-4DEB-8685-22380F5C8FD9}.Release|Any CPU.ActiveCfg = Release|Any CPU
		{559FB591-EFFE-4DEB-8685-22380F5C8FD9}.Release|Any CPU.Build.0 = Release|Any CPU
		{D7F7FB0C-7869-48DA-8975-32181CACB655}.Debug|Any CPU.ActiveCfg = Debug|Any CPU
		{D7F7FB0C-7869-48DA-8975-32181CACB655}.Debug|Any CPU.Build.0 = Debug|Any CPU
		{D7F7FB0C-7869-48DA-8975-32181CACB655}.Release|Any CPU.ActiveCfg = Release|Any CPU
		{D7F7FB0C-7869-48DA-8975-32181CACB655}.Release|Any CPU.Build.0 = Release|Any CPU
	EndGlobalSection
	GlobalSection(SolutionProperties) = preSolution
		HideSolutionNode = FALSE
	EndGlobalSection
	GlobalSection(ExtensibilityGlobals) = postSolution
		SolutionGuid = {2C8E72C3-D82C-445F-8F3B-4BBFB5B86782}
	EndGlobalSection
EndGlobal
