
Microsoft Visual Studio Solution File, Format Version 12.00
# Visual Studio Version 17
VisualStudioVersion = 17.7.34202.233
MinimumVisualStudioVersion = 10.0.40219.1
Project("{9A19103F-16F7-4668-BE54-9A1E7A4F7556}") = "Vehicles", "Vehicles\Vehicles.csproj", "{22FDA50E-9AA5-462F-94C7-67951DBF74F7}"
EndProject
Project("{FAE04EC0-301F-11D3-BF4B-00C04F79EFBC}") = "Raiding", "Raiding\Raiding.csproj", "{50BA4E18-44A1-4B53-A378-D30BDD1D82E3}"
EndProject
Global
	GlobalSection(SolutionConfigurationPlatforms) = preSolution
		Debug|Any CPU = Debug|Any CPU
		Release|Any CPU = Release|Any CPU
	EndGlobalSection
	GlobalSection(ProjectConfigurationPlatforms) = postSolution
		{22FDA50E-9AA5-462F-94C7-67951DBF74F7}.Debug|Any CPU.ActiveCfg = Debug|Any CPU
		{22FDA50E-9AA5-462F-94C7-67951DBF74F7}.Debug|Any CPU.Build.0 = Debug|Any CPU
		{22FDA50E-9AA5-462F-94C7-67951DBF74F7}.Release|Any CPU.ActiveCfg = Release|Any CPU
		{22FDA50E-9AA5-462F-94C7-67951DBF74F7}.Release|Any CPU.Build.0 = Release|Any CPU
		{50BA4E18-44A1-4B53-A378-D30BDD1D82E3}.Debug|Any CPU.ActiveCfg = Debug|Any CPU
		{50BA4E18-44A1-4B53-A378-D30BDD1D82E3}.Debug|Any CPU.Build.0 = Debug|Any CPU
		{50BA4E18-44A1-4B53-A378-D30BDD1D82E3}.Release|Any CPU.ActiveCfg = Release|Any CPU
		{50BA4E18-44A1-4B53-A378-D30BDD1D82E3}.Release|Any CPU.Build.0 = Release|Any CPU
	EndGlobalSection
	GlobalSection(SolutionProperties) = preSolution
		HideSolutionNode = FALSE
	EndGlobalSection
	GlobalSection(ExtensibilityGlobals) = postSolution
		SolutionGuid = {2F454B55-4BF0-49F9-B7F7-BC65F78054D0}
	EndGlobalSection
EndGlobal
