
Microsoft Visual Studio Solution File, Format Version 12.00
# Visual Studio Version 17
VisualStudioVersion = 17.8.34309.116
MinimumVisualStudioVersion = 10.0.40219.1
Project("{FAE04EC0-301F-11D3-BF4B-00C04F79EFBC}") = "AuthorProblem-OLD", "AuthorProblem\AuthorProblem-OLD.csproj", "{295D2E67-FCD6-415F-B4D9-FA718DFC77BB}"
EndProject
Global
	GlobalSection(SolutionConfigurationPlatforms) = preSolution
		Debug|Any CPU = Debug|Any CPU
		Release|Any CPU = Release|Any CPU
	EndGlobalSection
	GlobalSection(ProjectConfigurationPlatforms) = postSolution
		{295D2E67-FCD6-415F-B4D9-FA718DFC77BB}.Debug|Any CPU.ActiveCfg = Debug|Any CPU
		{295D2E67-FCD6-415F-B4D9-FA718DFC77BB}.Debug|Any CPU.Build.0 = Debug|Any CPU
		{295D2E67-FCD6-415F-B4D9-FA718DFC77BB}.Release|Any CPU.ActiveCfg = Release|Any CPU
		{295D2E67-FCD6-415F-B4D9-FA718DFC77BB}.Release|Any CPU.Build.0 = Release|Any CPU
	EndGlobalSection
	GlobalSection(SolutionProperties) = preSolution
		HideSolutionNode = FALSE
	EndGlobalSection
	GlobalSection(ExtensibilityGlobals) = postSolution
		SolutionGuid = {F48BDFB3-9D25-4656-9172-B0A969667A5E}
	EndGlobalSection
EndGlobal
